
Microsoft Visual Studio Solution File, Format Version 12.00
# Visual Studio Version 17
VisualStudioVersion = 17.3.32929.385
MinimumVisualStudioVersion = 10.0.40219.1
Project("{9A19103F-16F7-4668-BE54-9A1E7A4F7556}") = "NewCompicStore", "NewCompicStore.csproj", "{411181D0-A6BE-4BEB-BD2B-33DD594ECD96}"
EndProject
Project("{FAE04EC0-301F-11D3-BF4B-00C04F79EFBC}") = "TimeClassLibrary", "..\TimeClassLibrary\TimeClassLibrary.csproj", "{44A10A94-6848-4290-9971-BCF1E22127D4}"
EndProject
Global
	GlobalSection(SolutionConfigurationPlatforms) = preSolution
		Debug|Any CPU = Debug|Any CPU
		Release|Any CPU = Release|Any CPU
	EndGlobalSection
	GlobalSection(ProjectConfigurationPlatforms) = postSolution
		{411181D0-A6BE-4BEB-BD2B-33DD594ECD96}.Debug|Any CPU.ActiveCfg = Debug|Any CPU
		{411181D0-A6BE-4BEB-BD2B-33DD594ECD96}.Debug|Any CPU.Build.0 = Debug|Any CPU
		{411181D0-A6BE-4BEB-BD2B-33DD594ECD96}.Release|Any CPU.ActiveCfg = Release|Any CPU
		{411181D0-A6BE-4BEB-BD2B-33DD594ECD96}.Release|Any CPU.Build.0 = Release|Any CPU
		{44A10A94-6848-4290-9971-BCF1E22127D4}.Debug|Any CPU.ActiveCfg = Debug|Any CPU
		{44A10A94-6848-4290-9971-BCF1E22127D4}.Debug|Any CPU.Build.0 = Debug|Any CPU
		{44A10A94-6848-4290-9971-BCF1E22127D4}.Release|Any CPU.ActiveCfg = Release|Any CPU
		{44A10A94-6848-4290-9971-BCF1E22127D4}.Release|Any CPU.Build.0 = Release|Any CPU
	EndGlobalSection
	GlobalSection(SolutionProperties) = preSolution
		HideSolutionNode = FALSE
	EndGlobalSection
	GlobalSection(ExtensibilityGlobals) = postSolution
		SolutionGuid = {DCEF7719-E12A-4C09-9F67-48E5131F1842}
	EndGlobalSection
EndGlobal
